// !$*UTF8*$!
{
	archiveVersion = 1;
	classes = {
	};
	objectVersion = 56;
	objects = {

/* Begin PBXBuildFile section */
		72A2A12728F197AD00DB2D0E /* AppDelegate.swift in Sources */ = {isa = PBXBuildFile; fileRef = 72A2A12628F197AD00DB2D0E /* AppDelegate.swift */; };
		72A2A12928F197AD00DB2D0E /* ContentView.swift in Sources */ = {isa = PBXBuildFile; fileRef = 72A2A12828F197AD00DB2D0E /* ContentView.swift */; };
		72A2A12B28F197AD00DB2D0E /* Experience.rcproject in Sources */ = {isa = PBXBuildFile; fileRef = 72A2A12A28F197AD00DB2D0E /* Experience.rcproject */; };
		72A2A12D28F197AF00DB2D0E /* Assets.xcassets in Resources */ = {isa = PBXBuildFile; fileRef = 72A2A12C28F197AF00DB2D0E /* Assets.xcassets */; };
		72A2A13028F197AF00DB2D0E /* Preview Assets.xcassets in Resources */ = {isa = PBXBuildFile; fileRef = 72A2A12F28F197AF00DB2D0E /* Preview Assets.xcassets */; };
		72A2A13728F1ECDC00DB2D0E /* DataModel.swift in Sources */ = {isa = PBXBuildFile; fileRef = 72A2A13628F1ECDC00DB2D0E /* DataModel.swift */; };
		72A2A13928F1EF1B00DB2D0E /* ARDisplayView.swift in Sources */ = {isa = PBXBuildFile; fileRef = 72A2A13828F1EF1B00DB2D0E /* ARDisplayView.swift */; };
		72A2A13B28F1EF4600DB2D0E /* ARUIView.swift in Sources */ = {isa = PBXBuildFile; fileRef = 72A2A13A28F1EF4600DB2D0E /* ARUIView.swift */; };
/* End PBXBuildFile section */

/* Begin PBXFileReference section */
		72A2A12328F197AD00DB2D0E /* ARapp.app */ = {isa = PBXFileReference; explicitFileType = wrapper.application; includeInIndex = 0; path = ARapp.app; sourceTree = BUILT_PRODUCTS_DIR; };
		72A2A12628F197AD00DB2D0E /* AppDelegate.swift */ = {isa = PBXFileReference; lastKnownFileType = sourcecode.swift; path = AppDelegate.swift; sourceTree = "<group>"; };
		72A2A12828F197AD00DB2D0E /* ContentView.swift */ = {isa = PBXFileReference; lastKnownFileType = sourcecode.swift; path = ContentView.swift; sourceTree = "<group>"; };
		72A2A12A28F197AD00DB2D0E /* Experience.rcproject */ = {isa = PBXFileReference; lastKnownFileType = file.rcproject; path = Experience.rcproject; sourceTree = "<group>"; };
		72A2A12C28F197AF00DB2D0E /* Assets.xcassets */ = {isa = PBXFileReference; lastKnownFileType = folder.assetcatalog; path = Assets.xcassets; sourceTree = "<group>"; };
		72A2A12F28F197AF00DB2D0E /* Preview Assets.xcassets */ = {isa = PBXFileReference; lastKnownFileType = folder.assetcatalog; path = "Preview Assets.xcassets"; sourceTree = "<group>"; };
		72A2A13628F1ECDC00DB2D0E /* DataModel.swift */ = {isa = PBXFileReference; lastKnownFileType = sourcecode.swift; path = DataModel.swift; sourceTree = "<group>"; };
		72A2A13828F1EF1B00DB2D0E /* ARDisplayView.swift */ = {isa = PBXFileReference; lastKnownFileType = sourcecode.swift; path = ARDisplayView.swift; sourceTree = "<group>"; };
		72A2A13A28F1EF4600DB2D0E /* ARUIView.swift */ = {isa = PBXFileReference; lastKnownFileType = sourcecode.swift; path = ARUIView.swift; sourceTree = "<group>"; };
/* End PBXFileReference section */

/* Begin PBXFrameworksBuildPhase section */
		72A2A12028F197AD00DB2D0E /* Frameworks */ = {
			isa = PBXFrameworksBuildPhase;
			buildActionMask = 2147483647;
			files = (
			);
			runOnlyForDeploymentPostprocessing = 0;
		};
/* End PBXFrameworksBuildPhase section */

/* Begin PBXGroup section */
		72A2A11A28F197AD00DB2D0E = {
			isa = PBXGroup;
			children = (
				72A2A12528F197AD00DB2D0E /* ARapp */,
				72A2A12428F197AD00DB2D0E /* Products */,
			);
			sourceTree = "<group>";
		};
		72A2A12428F197AD00DB2D0E /* Products */ = {
			isa = PBXGroup;
			children = (
				72A2A12328F197AD00DB2D0E /* ARapp.app */,
			);
			name = Products;
			sourceTree = "<group>";
		};
		72A2A12528F197AD00DB2D0E /* ARapp */ = {
			isa = PBXGroup;
			children = (
				72A2A12628F197AD00DB2D0E /* AppDelegate.swift */,
				72A2A12828F197AD00DB2D0E /* ContentView.swift */,
				72A2A13828F1EF1B00DB2D0E /* ARDisplayView.swift */,
				72A2A13A28F1EF4600DB2D0E /* ARUIView.swift */,
				72A2A13628F1ECDC00DB2D0E /* DataModel.swift */,
				72A2A12A28F197AD00DB2D0E /* Experience.rcproject */,
				72A2A12C28F197AF00DB2D0E /* Assets.xcassets */,
				72A2A12E28F197AF00DB2D0E /* Preview Content */,
			);
			path = ARapp;
			sourceTree = "<group>";
		};
		72A2A12E28F197AF00DB2D0E /* Preview Content */ = {
			isa = PBXGroup;
			children = (
				72A2A12F28F197AF00DB2D0E /* Preview Assets.xcassets */,
			);
			path = "Preview Content";
			sourceTree = "<group>";
		};
/* End PBXGroup section */

/* Begin PBXNativeTarget section */
		72A2A12228F197AD00DB2D0E /* ARapp */ = {
			isa = PBXNativeTarget;
			buildConfigurationList = 72A2A13328F197AF00DB2D0E /* Build configuration list for PBXNativeTarget "ARapp" */;
			buildPhases = (
				72A2A11F28F197AD00DB2D0E /* Sources */,
				72A2A12028F197AD00DB2D0E /* Frameworks */,
				72A2A12128F197AD00DB2D0E /* Resources */,
			);
			buildRules = (
			);
			dependencies = (
			);
			name = ARapp;
			productName = ARapp;
			productReference = 72A2A12328F197AD00DB2D0E /* ARapp.app */;
			productType = "com.apple.product-type.application";
		};
/* End PBXNativeTarget section */

/* Begin PBXProject section */
		72A2A11B28F197AD00DB2D0E /* Project object */ = {
			isa = PBXProject;
			attributes = {
				BuildIndependentTargetsInParallel = 1;
				LastSwiftUpdateCheck = 1400;
				LastUpgradeCheck = 1400;
				TargetAttributes = {
					72A2A12228F197AD00DB2D0E = {
						CreatedOnToolsVersion = 14.0.1;
					};
				};
			};
			buildConfigurationList = 72A2A11E28F197AD00DB2D0E /* Build configuration list for PBXProject "ARapp" */;
			compatibilityVersion = "Xcode 14.0";
			developmentRegion = en;
			hasScannedForEncodings = 0;
			knownRegions = (
				en,
				Base,
			);
			mainGroup = 72A2A11A28F197AD00DB2D0E;
			productRefGroup = 72A2A12428F197AD00DB2D0E /* Products */;
			projectDirPath = "";
			projectRoot = "";
			targets = (
				72A2A12228F197AD00DB2D0E /* ARapp */,
			);
		};
/* End PBXProject section */

/* Begin PBXResourcesBuildPhase section */
		72A2A12128F197AD00DB2D0E /* Resources */ = {
			isa = PBXResourcesBuildPhase;
			buildActionMask = 2147483647;
			files = (
				72A2A13028F197AF00DB2D0E /* Preview Assets.xcassets in Resources */,
				72A2A12D28F197AF00DB2D0E /* Assets.xcassets in Resources */,
			);
			runOnlyForDeploymentPostprocessing = 0;
		};
/* End PBXResourcesBuildPhase section */

/* Begin PBXSourcesBuildPhase section */
		72A2A11F28F197AD00DB2D0E /* Sources */ = {
			isa = PBXSourcesBuildPhase;
			buildActionMask = 2147483647;
			files = (
				72A2A12928F197AD00DB2D0E /* ContentView.swift in Sources */,
				72A2A13B28F1EF4600DB2D0E /* ARUIView.swift in Sources */,
				72A2A13728F1ECDC00DB2D0E /* DataModel.swift in Sources */,
				72A2A13928F1EF1B00DB2D0E /* ARDisplayView.swift in Sources */,
				72A2A12728F197AD00DB2D0E /* AppDelegate.swift in Sources */,
				72A2A12B28F197AD00DB2D0E /* Experience.rcproject in Sources */,
			);
			runOnlyForDeploymentPostprocessing = 0;
		};
/* End PBXSourcesBuildPhase section */

/* Begin XCBuildConfiguration section */
		72A2A13128F197AF00DB2D0E /* Debug */ = {
			isa = XCBuildConfiguration;
			buildSettings = {
				ALWAYS_SEARCH_USER_PATHS = NO;
				CLANG_ANALYZER_NONNULL = YES;
				CLANG_ANALYZER_NUMBER_OBJECT_CONVERSION = YES_AGGRESSIVE;
				CLANG_CXX_LANGUAGE_STANDARD = "gnu++20";
				CLANG_ENABLE_MODULES = YES;
				CLANG_ENABLE_OBJC_ARC = YES;
				CLANG_ENABLE_OBJC_WEAK = YES;
				CLANG_WARN_BLOCK_CAPTURE_AUTORELEASING = YES;
				CLANG_WARN_BOOL_CONVERSION = YES;
				CLANG_WARN_COMMA = YES;
				CLANG_WARN_CONSTANT_CONVERSION = YES;
				CLANG_WARN_DEPRECATED_OBJC_IMPLEMENTATIONS = YES;
				CLANG_WARN_DIRECT_OBJC_ISA_USAGE = YES_ERROR;
				CLANG_WARN_DOCUMENTATION_COMMENTS = YES;
				CLANG_WARN_EMPTY_BODY = YES;
				CLANG_WARN_ENUM_CONVERSION = YES;
				CLANG_WARN_INFINITE_RECURSION = YES;
				CLANG_WARN_INT_CONVERSION = YES;
				CLANG_WARN_NON_LITERAL_NULL_CONVERSION = YES;
				CLANG_WARN_OBJC_IMPLICIT_RETAIN_SELF = YES;
				CLANG_WARN_OBJC_LITERAL_CONVERSION = YES;
				CLANG_WARN_OBJC_ROOT_CLASS = YES_ERROR;
				CLANG_WARN_QUOTED_INCLUDE_IN_FRAMEWORK_HEADER = YES;
				CLANG_WARN_RANGE_LOOP_ANALYSIS = YES;
				CLANG_WARN_STRICT_PROTOTYPES = YES;
				CLANG_WARN_SUSPICIOUS_MOVE = YES;
				CLANG_WARN_UNGUARDED_AVAILABILITY = YES_AGGRESSIVE;
				CLANG_WARN_UNREACHABLE_CODE = YES;
				CLANG_WARN__DUPLICATE_METHOD_MATCH = YES;
				COPY_PHASE_STRIP = NO;
				DEBUG_INFORMATION_FORMAT = dwarf;
				ENABLE_STRICT_OBJC_MSGSEND = YES;
				ENABLE_TESTABILITY = YES;
				GCC_C_LANGUAGE_STANDARD = gnu11;
				GCC_DYNAMIC_NO_PIC = NO;
				GCC_NO_COMMON_BLOCKS = YES;
				GCC_OPTIMIZATION_LEVEL = 0;
				GCC_PREPROCESSOR_DEFINITIONS = (
					"DEBUG=1",
					"$(inherited)",
				);
				GCC_WARN_64_TO_32_BIT_CONVERSION = YES;
				GCC_WARN_ABOUT_RETURN_TYPE = YES_ERROR;
				GCC_WARN_UNDECLARED_SELECTOR = YES;
				GCC_WARN_UNINITIALIZED_AUTOS = YES_AGGRESSIVE;
				GCC_WARN_UNUSED_FUNCTION = YES;
				GCC_WARN_UNUSED_VARIABLE = YES;
				IPHONEOS_DEPLOYMENT_TARGET = 16.0;
				MTL_ENABLE_DEBUG_INFO = INCLUDE_SOURCE;
				MTL_FAST_MATH = YES;
				ONLY_ACTIVE_ARCH = YES;
				SDKROOT = iphoneos;
				SWIFT_ACTIVE_COMPILATION_CONDITIONS = DEBUG;
				SWIFT_OPTIMIZATION_LEVEL = "-Onone";
			};
			name = Debug;
		};
		72A2A13228F197AF00DB2D0E /* Release */ = {
			isa = XCBuildConfiguration;
			buildSettings = {
				ALWAYS_SEARCH_USER_PATHS = NO;
				CLANG_ANALYZER_NONNULL = YES;
				CLANG_ANALYZER_NUMBER_OBJECT_CONVERSION = YES_AGGRESSIVE;
				CLANG_CXX_LANGUAGE_STANDARD = "gnu++20";
				CLANG_ENABLE_MODULES = YES;
				CLANG_ENABLE_OBJC_ARC = YES;
				CLANG_ENABLE_OBJC_WEAK = YES;
				CLANG_WARN_BLOCK_CAPTURE_AUTORELEASING = YES;
				CLANG_WARN_BOOL_CONVERSION = YES;
				CLANG_WARN_COMMA = YES;
				CLANG_WARN_CONSTANT_CONVERSION = YES;
				CLANG_WARN_DEPRECATED_OBJC_IMPLEMENTATIONS = YES;
				CLANG_WARN_DIRECT_OBJC_ISA_USAGE = YES_ERROR;
				CLANG_WARN_DOCUMENTATION_COMMENTS = YES;
				CLANG_WARN_EMPTY_BODY = YES;
				CLANG_WARN_ENUM_CONVERSION = YES;
				CLANG_WARN_INFINITE_RECURSION = YES;
				CLANG_WARN_INT_CONVERSION = YES;
				CLANG_WARN_NON_LITERAL_NULL_CONVERSION = YES;
				CLANG_WARN_OBJC_IMPLICIT_RETAIN_SELF = YES;
				CLANG_WARN_OBJC_LITERAL_CONVERSION = YES;
				CLANG_WARN_OBJC_ROOT_CLASS = YES_ERROR;
				CLANG_WARN_QUOTED_INCLUDE_IN_FRAMEWORK_HEADER = YES;
				CLANG_WARN_RANGE_LOOP_ANALYSIS = YES;
				CLANG_WARN_STRICT_PROTOTYPES = YES;
				CLANG_WARN_SUSPICIOUS_MOVE = YES;
				CLANG_WARN_UNGUARDED_AVAILABILITY = YES_AGGRESSIVE;
				CLANG_WARN_UNREACHABLE_CODE = YES;
				CLANG_WARN__DUPLICATE_METHOD_MATCH = YES;
				COPY_PHASE_STRIP = NO;
				DEBUG_INFORMATION_FORMAT = "dwarf-with-dsym";
				ENABLE_NS_ASSERTIONS = NO;
				ENABLE_STRICT_OBJC_MSGSEND = YES;
				GCC_C_LANGUAGE_STANDARD = gnu11;
				GCC_NO_COMMON_BLOCKS = YES;
				GCC_WARN_64_TO_32_BIT_CONVERSION = YES;
				GCC_WARN_ABOUT_RETURN_TYPE = YES_ERROR;
				GCC_WARN_UNDECLARED_SELECTOR = YES;
				GCC_WARN_UNINITIALIZED_AUTOS = YES_AGGRESSIVE;
				GCC_WARN_UNUSED_FUNCTION = YES;
				GCC_WARN_UNUSED_VARIABLE = YES;
				IPHONEOS_DEPLOYMENT_TARGET = 16.0;
				MTL_ENABLE_DEBUG_INFO = NO;
				MTL_FAST_MATH = YES;
				SDKROOT = iphoneos;
				SWIFT_COMPILATION_MODE = wholemodule;
				SWIFT_OPTIMIZATION_LEVEL = "-O";
				VALIDATE_PRODUCT = YES;
			};
			name = Release;
		};
		72A2A13428F197AF00DB2D0E /* Debug */ = {
			isa = XCBuildConfiguration;
			buildSettings = {
				ASSETCATALOG_COMPILER_APPICON_NAME = AppIcon;
				ASSETCATALOG_COMPILER_GLOBAL_ACCENT_COLOR_NAME = AccentColor;
				CODE_SIGN_STYLE = Automatic;
				CURRENT_PROJECT_VERSION = 1;
				DEVELOPMENT_ASSET_PATHS = "\"ARapp/Preview Content\"";
				DEVELOPMENT_TEAM = 4AW3ZWSN4J;
				ENABLE_PREVIEWS = YES;
				GENERATE_INFOPLIST_FILE = YES;
				INFOPLIST_KEY_NSCameraUsageDescription = "";
				INFOPLIST_KEY_UIApplicationSupportsIndirectInputEvents = YES;
				INFOPLIST_KEY_UILaunchScreen_Generation = YES;
				INFOPLIST_KEY_UIRequiredDeviceCapabilities = arkit;
				INFOPLIST_KEY_UIStatusBarHidden = YES;
				INFOPLIST_KEY_UISupportedInterfaceOrientations_iPad = "UIInterfaceOrientationPortrait UIInterfaceOrientationPortraitUpsideDown UIInterfaceOrientationLandscapeLeft UIInterfaceOrientationLandscapeRight";
				INFOPLIST_KEY_UISupportedInterfaceOrientations_iPhone = "UIInterfaceOrientationPortrait UIInterfaceOrientationLandscapeLeft UIInterfaceOrientationLandscapeRight";
				LD_RUNPATH_SEARCH_PATHS = (
					"$(inherited)",
					"@executable_path/Frameworks",
				);
				MARKETING_VERSION = 1.0;
				PRODUCT_BUNDLE_IDENTIFIER = dmitryshliugaev.ARapp;
				PRODUCT_NAME = "$(TARGET_NAME)";
				SWIFT_EMIT_LOC_STRINGS = YES;
				SWIFT_VERSION = 5.0;
				TARGETED_DEVICE_FAMILY = "1,2";
			};
			name = Debug;
		};
		72A2A13528F197AF00DB2D0E /* Release */ = {
			isa = XCBuildConfiguration;
			buildSettings = {
				ASSETCATALOG_COMPILER_APPICON_NAME = AppIcon;
				ASSETCATALOG_COMPILER_GLOBAL_ACCENT_COLOR_NAME = AccentColor;
				CODE_SIGN_STYLE = Automatic;
				CURRENT_PROJECT_VERSION = 1;
				DEVELOPMENT_ASSET_PATHS = "\"ARapp/Preview Content\"";
				DEVELOPMENT_TEAM = 4AW3ZWSN4J;
				ENABLE_PREVIEWS = YES;
				GENERATE_INFOPLIST_FILE = YES;
				INFOPLIST_KEY_NSCameraUsageDescription = "";
				INFOPLIST_KEY_UIApplicationSupportsIndirectInputEvents = YES;
				INFOPLIST_KEY_UILaunchScreen_Generation = YES;
				INFOPLIST_KEY_UIRequiredDeviceCapabilities = arkit;
				INFOPLIST_KEY_UIStatusBarHidden = YES;
				INFOPLIST_KEY_UISupportedInterfaceOrientations_iPad = "UIInterfaceOrientationPortrait UIInterfaceOrientationPortraitUpsideDown UIInterfaceOrientationLandscapeLeft UIInterfaceOrientationLandscapeRight";
				INFOPLIST_KEY_UISupportedInterfaceOrientations_iPhone = "UIInterfaceOrientationPortrait UIInterfaceOrientationLandscapeLeft UIInterfaceOrientationLandscapeRight";
				LD_RUNPATH_SEARCH_PATHS = (
					"$(inherited)",
					"@executable_path/Frameworks",
				);
				MARKETING_VERSION = 1.0;
				PRODUCT_BUNDLE_IDENTIFIER = dmitryshliugaev.ARapp;
				PRODUCT_NAME = "$(TARGET_NAME)";
				SWIFT_EMIT_LOC_STRINGS = YES;
				SWIFT_VERSION = 5.0;
				TARGETED_DEVICE_FAMILY = "1,2";
			};
			name = Release;
		};
/* End XCBuildConfiguration section */

/* Begin XCConfigurationList section */
		72A2A11E28F197AD00DB2D0E /* Build configuration list for PBXProject "ARapp" */ = {
			isa = XCConfigurationList;
			buildConfigurations = (
				72A2A13128F197AF00DB2D0E /* Debug */,
				72A2A13228F197AF00DB2D0E /* Release */,
			);
			defaultConfigurationIsVisible = 0;
			defaultConfigurationName = Release;
		};
		72A2A13328F197AF00DB2D0E /* Build configuration list for PBXNativeTarget "ARapp" */ = {
			isa = XCConfigurationList;
			buildConfigurations = (
				72A2A13428F197AF00DB2D0E /* Debug */,
				72A2A13528F197AF00DB2D0E /* Release */,
			);
			defaultConfigurationIsVisible = 0;
			defaultConfigurationName = Release;
		};
/* End XCConfigurationList section */
	};
	rootObject = 72A2A11B28F197AD00DB2D0E /* Project object */;
}
